
Microsoft Visual Studio Solution File, Format Version 12.00
# Visual Studio Version 16
VisualStudioVersion = 16.0.30413.136
MinimumVisualStudioVersion = 10.0.40219.1
Project("{FAE04EC0-301F-11D3-BF4B-00C04F79EFBC}") = "Subset.App", "Subset.App\Subset.App.csproj", "{A4D37DDB-845D-4303-A81B-3CE40EF0C88F}"
EndProject
Global
	GlobalSection(SolutionConfigurationPlatforms) = preSolution
		Debug|Any CPU = Debug|Any CPU
		Release|Any CPU = Release|Any CPU
	EndGlobalSection
	GlobalSection(ProjectConfigurationPlatforms) = postSolution
		{A4D37DDB-845D-4303-A81B-3CE40EF0C88F}.Debug|Any CPU.ActiveCfg = Debug|Any CPU
		{A4D37DDB-845D-4303-A81B-3CE40EF0C88F}.Debug|Any CPU.Build.0 = Debug|Any CPU
		{A4D37DDB-845D-4303-A81B-3CE40EF0C88F}.Release|Any CPU.ActiveCfg = Release|Any CPU
		{A4D37DDB-845D-4303-A81B-3CE40EF0C88F}.Release|Any CPU.Build.0 = Release|Any CPU
	EndGlobalSection
	GlobalSection(SolutionProperties) = preSolution
		HideSolutionNode = FALSE
	EndGlobalSection
	GlobalSection(ExtensibilityGlobals) = postSolution
		SolutionGuid = {F8DEEF29-38F3-4C07-85A3-459B950A5902}
	EndGlobalSection
EndGlobal
